
Microsoft Visual Studio Solution File, Format Version 12.00
# Visual Studio 15
VisualStudioVersion = 15.0.27130.2003
MinimumVisualStudioVersion = 10.0.40219.1
Project("{FAE04EC0-301F-11D3-BF4B-00C04F79EFBC}") = "WebApplication1", "WebApplication1\WebApplication1.csproj", "{873F7D7D-04BB-4E15-9293-E5FBB74DC372}"
EndProject
Global
	GlobalSection(SolutionConfigurationPlatforms) = preSolution
		Debug|Any CPU = Debug|Any CPU
		Release|Any CPU = Release|Any CPU
	EndGlobalSection
	GlobalSection(ProjectConfigurationPlatforms) = postSolution
		{873F7D7D-04BB-4E15-9293-E5FBB74DC372}.Debug|Any CPU.ActiveCfg = Debug|Any CPU
		{873F7D7D-04BB-4E15-9293-E5FBB74DC372}.Debug|Any CPU.Build.0 = Debug|Any CPU
		{873F7D7D-04BB-4E15-9293-E5FBB74DC372}.Release|Any CPU.ActiveCfg = Release|Any CPU
		{873F7D7D-04BB-4E15-9293-E5FBB74DC372}.Release|Any CPU.Build.0 = Release|Any CPU
	EndGlobalSection
	GlobalSection(SolutionProperties) = preSolution
		HideSolutionNode = FALSE
	EndGlobalSection
	GlobalSection(ExtensibilityGlobals) = postSolution
		SolutionGuid = {8D26BD4E-AB1D-4157-8B6C-E639AAF13494}
	EndGlobalSection
EndGlobal
